{
  "requires": true,
  "lockfileVersion": 1,
  "dependencies": {
    "@tinymce/tinymce-webcomponent": {
      "version": "1.0.2",
      "resolved": "https://registry.npmjs.org/@tinymce/tinymce-webcomponent/-/tinymce-webcomponent-1.0.2.tgz",
      "integrity": "sha512-ZGaqcp7RZCYKeY/6E4Kh0ekJCyeko85umW3UTc3sHHuoWKFIfQe4Ohgngrps582U5wXO/HqgA5CM48EIdtXIag=="
    }
  }
}
